{
    "_readme": [
        "This file locks the dependencies of your project to a known state",
        "Read more about it at https://getcomposer.org/doc/01-basic-usage.md#composer-lock-the-lock-file",
        "This file is @generated automatically"
    ],
    "content-hash": "7602c821fb7df59cacb72fd6b4f87ed3",
    "packages": [
        {
            "name": "e1379/speaking-url",
            "version": "dev-master",
            "source": {
                "type": "git",
                "url": "https://github.com/E1379/speaking-url",
                "reference": "683848c87a26630eca1e5e3abee791b76118b705"
            },
            "require-dev": {
                "phpspec/phpspec": "^3.2"
            },
            "type": "library",
            "autoload": {
                "psr-4": {
                    "E1379\\SpeakingUrl\\": "src/"
                }
            },
            "time": "2017-04-10 07:45:30"
        }
    ],
    "packages-dev": [],
    "aliases": [],
    "minimum-stability": "stable",
    "stability-flags": {
        "e1379/speaking-url": 20
    },
    "prefer-stable": false,
    "prefer-lowest": false,
    "platform": {
        "php": ">=5.4"
    },
    "platform-dev": []
}
